<?xml version="1.0" encoding="utf-8"?>
<Project ToolsVersion="4.0" xmlns="http://schemas.microsoft.com/developer/msbuild/2003">
  <ItemGroup>
    <Filter Include="Source Files">
      <UniqueIdentifier>{4FC737F1-C7A5-4376-A066-2A32D752A2FF}</UniqueIdentifier>
      <Extensions>cpp;c;cc;cxx;def;odl;idl;hpj;bat;asm;asmx</Extensions>
    </Filter>
    <Filter Include="Header Files">
      <UniqueIdentifier>{93995380-89BD-4b04-88EB-625FBE52EBFB}</UniqueIdentifier>
      <Extensions>h;hh;hpp;hxx;hm;inl;inc;xsd</Extensions>
    </Filter>
    <Filter Include="Resource Files">
      <UniqueIdentifier>{67DA6AB6-F800-4c08-8B7A-83BB121AAD01}</UniqueIdentifier>
      <Extensions>rc;ico;cur;bmp;dlg;rc2;rct;bin;rgs;gif;jpg;jpeg;jpe;resx;tiff;tif;png;wav;mfcribbon-ms</Extensions>
    </Filter>
    <Filter Include="Header Files\net_manager">
      <UniqueIdentifier>{6848d7fb-3daf-4400-bd7e-a5c5dca3d552}</UniqueIdentifier>
    </Filter>
    <Filter Include="Header Files\packet_field">
      <UniqueIdentifier>{9f181c1d-255d-4e60-8bb5-6bc1e67912ba}</UniqueIdentifier>
    </Filter>
    <Filter Include="Header Files\tangu">
      <UniqueIdentifier>{8f0a5b05-e7f6-48c3-820b-9d67710e2aca}</UniqueIdentifier>
    </Filter>
    <Filter Include="Header Files\tangu\application">
      <UniqueIdentifier>{24bde203-54bd-4a71-8b3d-e7e0433a7a53}</UniqueIdentifier>
    </Filter>
    <Filter Include="Header Files\tangu\base">
      <UniqueIdentifier>{7a47082f-9711-4512-a5f3-0085f6df32ef}</UniqueIdentifier>
    </Filter>
  </ItemGroup>
  <ItemGroup>
    <ClInclude Include="net_manager\net_manager_link.hpp">
      <Filter>Header Files\net_manager</Filter>
    </ClInclude>
    <ClInclude Include="net_manager\net_manager.hpp">
      <Filter>Header Files\net_manager</Filter>
    </ClInclude>
    <ClInclude Include="net_manager\net_manager_ip.hpp">
      <Filter>Header Files\net_manager</Filter>
    </ClInclude>
    <ClInclude Include="packet_field\packet_field.hpp">
      <Filter>Header Files\packet_field</Filter>
    </ClInclude>
    <ClInclude Include="packet_field\packet_field_arp.hpp">
      <Filter>Header Files\packet_field</Filter>
    </ClInclude>
    <ClInclude Include="packet_field\packet_field_ethernet.hpp">
      <Filter>Header Files\packet_field</Filter>
    </ClInclude>
    <ClInclude Include="packet_field\packet_field_icmp.hpp">
      <Filter>Header Files\packet_field</Filter>
    </ClInclude>
    <ClInclude Include="packet_field\packet_field_ip.hpp">
      <Filter>Header Files\packet_field</Filter>
    </ClInclude>
    <ClInclude Include="packet_field\packet_field_tcp.hpp">
      <Filter>Header Files\packet_field</Filter>
    </ClInclude>
    <ClInclude Include="tangu\tangu_analyzer.hpp">
      <Filter>Header Files\tangu\application</Filter>
    </ClInclude>
    <ClInclude Include="tangu\tangu_blocker.hpp">
      <Filter>Header Files\tangu\application</Filter>
    </ClInclude>
    <ClInclude Include="tangu\tangu_spoof.hpp">
      <Filter>Header Files\tangu\application</Filter>
    </ClInclude>
    <ClInclude Include="tangu\tangu_ping.hpp">
      <Filter>Header Files\tangu\application</Filter>
    </ClInclude>
    <ClInclude Include="net_manager\net_manager_exception.hpp">
      <Filter>Header Files\net_manager</Filter>
    </ClInclude>
    <ClInclude Include="tangu\tangu_build.hpp">
      <Filter>Header Files\tangu\base</Filter>
    </ClInclude>
    <ClInclude Include="tangu\tangu_divert.hpp">
      <Filter>Header Files\tangu\base</Filter>
    </ClInclude>
    <ClInclude Include="tangu\tangu_exception.hpp">
      <Filter>Header Files\tangu\base</Filter>
    </ClInclude>
    <ClInclude Include="tangu\tangu_interface.hpp">
      <Filter>Header Files\tangu\base</Filter>
    </ClInclude>
  </ItemGroup>
  <ItemGroup>
    <ClCompile Include="packet_field.cpp">
      <Filter>Source Files</Filter>
    </ClCompile>
    <ClCompile Include="tangu.cpp">
      <Filter>Source Files</Filter>
    </ClCompile>
    <ClCompile Include="net_manager.cpp">
      <Filter>Source Files</Filter>
    </ClCompile>
  </ItemGroup>
</Project>